
Microsoft Visual Studio Solution File, Format Version 12.00
# Visual Studio Version 16
VisualStudioVersion = 16.0.31019.35
MinimumVisualStudioVersion = 10.0.40219.1
Project("{FAE04EC0-301F-11D3-BF4B-00C04F79EFBC}") = "Project PRN", "Project PRN\Project PRN.csproj", "{696A3090-BC9F-4368-B84A-0F87FA985D90}"
EndProject
Global
	GlobalSection(SolutionConfigurationPlatforms) = preSolution
		Debug|Any CPU = Debug|Any CPU
		Release|Any CPU = Release|Any CPU
	EndGlobalSection
	GlobalSection(ProjectConfigurationPlatforms) = postSolution
		{696A3090-BC9F-4368-B84A-0F87FA985D90}.Debug|Any CPU.ActiveCfg = Debug|Any CPU
		{696A3090-BC9F-4368-B84A-0F87FA985D90}.Debug|Any CPU.Build.0 = Debug|Any CPU
		{696A3090-BC9F-4368-B84A-0F87FA985D90}.Release|Any CPU.ActiveCfg = Release|Any CPU
		{696A3090-BC9F-4368-B84A-0F87FA985D90}.Release|Any CPU.Build.0 = Release|Any CPU
	EndGlobalSection
	GlobalSection(SolutionProperties) = preSolution
		HideSolutionNode = FALSE
	EndGlobalSection
	GlobalSection(ExtensibilityGlobals) = postSolution
		SolutionGuid = {9792BBFC-C272-4A1F-9DD1-55E1BC6E0E96}
	EndGlobalSection
EndGlobal
